
Microsoft Visual Studio Solution File, Format Version 12.00
# Visual Studio Version 17
VisualStudioVersion = 17.7.34221.43
MinimumVisualStudioVersion = 10.0.40219.1
Project("{FAE04EC0-301F-11D3-BF4B-00C04F79EFBC}") = "Rebar", "Rebar\Rebar.csproj", "{97FEFE3B-7D4E-4246-BFE3-FFBE2BE16582}"
EndProject
Global
	GlobalSection(SolutionConfigurationPlatforms) = preSolution
		Debug|Any CPU = Debug|Any CPU
		Release|Any CPU = Release|Any CPU
	EndGlobalSection
	GlobalSection(ProjectConfigurationPlatforms) = postSolution
		{97FEFE3B-7D4E-4246-BFE3-FFBE2BE16582}.Debug|Any CPU.ActiveCfg = Debug|Any CPU
		{97FEFE3B-7D4E-4246-BFE3-FFBE2BE16582}.Debug|Any CPU.Build.0 = Debug|Any CPU
		{97FEFE3B-7D4E-4246-BFE3-FFBE2BE16582}.Release|Any CPU.ActiveCfg = Release|Any CPU
		{97FEFE3B-7D4E-4246-BFE3-FFBE2BE16582}.Release|Any CPU.Build.0 = Release|Any CPU
	EndGlobalSection
	GlobalSection(SolutionProperties) = preSolution
		HideSolutionNode = FALSE
	EndGlobalSection
	GlobalSection(ExtensibilityGlobals) = postSolution
		SolutionGuid = {0370625F-F47A-4630-B51B-899CEB199BFC}
	EndGlobalSection
EndGlobal
